
Microsoft Visual Studio Solution File, Format Version 12.00
# Visual Studio Version 17
VisualStudioVersion = 17.11.35208.52
MinimumVisualStudioVersion = 10.0.40219.1
Project("{FAE04EC0-301F-11D3-BF4B-00C04F79EFBC}") = "10_1", "10_1\10_1.csproj", "{55495C46-71A6-47DF-B250-15FFF45122EE}"
EndProject
Global
	GlobalSection(SolutionConfigurationPlatforms) = preSolution
		Debug|Any CPU = Debug|Any CPU
		Release|Any CPU = Release|Any CPU
	EndGlobalSection
	GlobalSection(ProjectConfigurationPlatforms) = postSolution
		{55495C46-71A6-47DF-B250-15FFF45122EE}.Debug|Any CPU.ActiveCfg = Debug|Any CPU
		{55495C46-71A6-47DF-B250-15FFF45122EE}.Debug|Any CPU.Build.0 = Debug|Any CPU
		{55495C46-71A6-47DF-B250-15FFF45122EE}.Release|Any CPU.ActiveCfg = Release|Any CPU
		{55495C46-71A6-47DF-B250-15FFF45122EE}.Release|Any CPU.Build.0 = Release|Any CPU
	EndGlobalSection
	GlobalSection(SolutionProperties) = preSolution
		HideSolutionNode = FALSE
	EndGlobalSection
	GlobalSection(ExtensibilityGlobals) = postSolution
		SolutionGuid = {588705DE-E8B8-45EC-9079-41ED74864A32}
	EndGlobalSection
EndGlobal
